
Microsoft Visual Studio Solution File, Format Version 12.00
# Visual Studio 15
VisualStudioVersion = 15.0.28307.1684
MinimumVisualStudioVersion = 10.0.40219.1
Project("{FAE04EC0-301F-11D3-BF4B-00C04F79EFBC}") = "Client", "ChessGame\Client.csproj", "{ADD6E01E-53BE-473F-BE4C-39AF7371AF23}"
EndProject
Project("{FAE04EC0-301F-11D3-BF4B-00C04F79EFBC}") = "ChessGame", "Server\ChessGame.csproj", "{FA8B2308-F9B4-48CD-9DD3-D35425A00DDC}"
EndProject
Project("{FAE04EC0-301F-11D3-BF4B-00C04F79EFBC}") = "Common", "Common\Common.csproj", "{BDCF94E1-2E56-4321-BB88-FAE6C1BB3899}"
EndProject
Project("{FAE04EC0-301F-11D3-BF4B-00C04F79EFBC}") = "ChessBoard", "ChessBoard\ChessBoard.csproj", "{F2C65404-0AA1-433C-A420-EFF2D5677999}"
EndProject
Project("{FAE04EC0-301F-11D3-BF4B-00C04F79EFBC}") = "Tools", "Tools\Tools.csproj", "{C06C0779-17AA-4CD8-AF0B-36FDEA6C9B3B}"
EndProject
Project("{9A19103F-16F7-4668-BE54-9A1E7A4F7556}") = "WebServer2", "WebServer2\WebServer2.csproj", "{E8AEACDC-B51E-4ABF-94D6-CC98F333CA7F}"
EndProject
Project("{FAE04EC0-301F-11D3-BF4B-00C04F79EFBC}") = "ClientServerCommon", "ClientServerCommon\ClientServerCommon.csproj", "{E7FE6A2F-E320-4D07-9F5A-03EC88D87266}"
EndProject
Project("{FAE04EC0-301F-11D3-BF4B-00C04F79EFBC}") = "GameLoader", "GameLoader\GameLoader.csproj", "{692805F4-B9A0-4438-A865-C000070899D1}"
EndProject
Global
	GlobalSection(SolutionConfigurationPlatforms) = preSolution
		Debug|Any CPU = Debug|Any CPU
		Release|Any CPU = Release|Any CPU
	EndGlobalSection
	GlobalSection(ProjectConfigurationPlatforms) = postSolution
		{ADD6E01E-53BE-473F-BE4C-39AF7371AF23}.Debug|Any CPU.ActiveCfg = Debug|Any CPU
		{ADD6E01E-53BE-473F-BE4C-39AF7371AF23}.Debug|Any CPU.Build.0 = Debug|Any CPU
		{ADD6E01E-53BE-473F-BE4C-39AF7371AF23}.Release|Any CPU.ActiveCfg = Release|Any CPU
		{ADD6E01E-53BE-473F-BE4C-39AF7371AF23}.Release|Any CPU.Build.0 = Release|Any CPU
		{FA8B2308-F9B4-48CD-9DD3-D35425A00DDC}.Debug|Any CPU.ActiveCfg = Debug|Any CPU
		{FA8B2308-F9B4-48CD-9DD3-D35425A00DDC}.Debug|Any CPU.Build.0 = Debug|Any CPU
		{FA8B2308-F9B4-48CD-9DD3-D35425A00DDC}.Release|Any CPU.ActiveCfg = Release|Any CPU
		{FA8B2308-F9B4-48CD-9DD3-D35425A00DDC}.Release|Any CPU.Build.0 = Release|Any CPU
		{BDCF94E1-2E56-4321-BB88-FAE6C1BB3899}.Debug|Any CPU.ActiveCfg = Debug|Any CPU
		{BDCF94E1-2E56-4321-BB88-FAE6C1BB3899}.Debug|Any CPU.Build.0 = Debug|Any CPU
		{BDCF94E1-2E56-4321-BB88-FAE6C1BB3899}.Release|Any CPU.ActiveCfg = Release|Any CPU
		{BDCF94E1-2E56-4321-BB88-FAE6C1BB3899}.Release|Any CPU.Build.0 = Release|Any CPU
		{F2C65404-0AA1-433C-A420-EFF2D5677999}.Debug|Any CPU.ActiveCfg = Debug|Any CPU
		{F2C65404-0AA1-433C-A420-EFF2D5677999}.Debug|Any CPU.Build.0 = Debug|Any CPU
		{F2C65404-0AA1-433C-A420-EFF2D5677999}.Release|Any CPU.ActiveCfg = Release|Any CPU
		{F2C65404-0AA1-433C-A420-EFF2D5677999}.Release|Any CPU.Build.0 = Release|Any CPU
		{C06C0779-17AA-4CD8-AF0B-36FDEA6C9B3B}.Debug|Any CPU.ActiveCfg = Debug|Any CPU
		{C06C0779-17AA-4CD8-AF0B-36FDEA6C9B3B}.Debug|Any CPU.Build.0 = Debug|Any CPU
		{C06C0779-17AA-4CD8-AF0B-36FDEA6C9B3B}.Release|Any CPU.ActiveCfg = Release|Any CPU
		{C06C0779-17AA-4CD8-AF0B-36FDEA6C9B3B}.Release|Any CPU.Build.0 = Release|Any CPU
		{E8AEACDC-B51E-4ABF-94D6-CC98F333CA7F}.Debug|Any CPU.ActiveCfg = Debug|Any CPU
		{E8AEACDC-B51E-4ABF-94D6-CC98F333CA7F}.Debug|Any CPU.Build.0 = Debug|Any CPU
		{E8AEACDC-B51E-4ABF-94D6-CC98F333CA7F}.Release|Any CPU.ActiveCfg = Release|Any CPU
		{E8AEACDC-B51E-4ABF-94D6-CC98F333CA7F}.Release|Any CPU.Build.0 = Release|Any CPU
		{E7FE6A2F-E320-4D07-9F5A-03EC88D87266}.Debug|Any CPU.ActiveCfg = Debug|Any CPU
		{E7FE6A2F-E320-4D07-9F5A-03EC88D87266}.Debug|Any CPU.Build.0 = Debug|Any CPU
		{E7FE6A2F-E320-4D07-9F5A-03EC88D87266}.Release|Any CPU.ActiveCfg = Release|Any CPU
		{E7FE6A2F-E320-4D07-9F5A-03EC88D87266}.Release|Any CPU.Build.0 = Release|Any CPU
		{692805F4-B9A0-4438-A865-C000070899D1}.Debug|Any CPU.ActiveCfg = Debug|Any CPU
		{692805F4-B9A0-4438-A865-C000070899D1}.Debug|Any CPU.Build.0 = Debug|Any CPU
		{692805F4-B9A0-4438-A865-C000070899D1}.Release|Any CPU.ActiveCfg = Release|Any CPU
		{692805F4-B9A0-4438-A865-C000070899D1}.Release|Any CPU.Build.0 = Release|Any CPU
	EndGlobalSection
	GlobalSection(SolutionProperties) = preSolution
		HideSolutionNode = FALSE
	EndGlobalSection
	GlobalSection(ExtensibilityGlobals) = postSolution
		SolutionGuid = {AC36476D-C476-450C-AD3E-4FB09D99FE01}
	EndGlobalSection
EndGlobal
