
Microsoft Visual Studio Solution File, Format Version 12.00
# Visual Studio Version 16
VisualStudioVersion = 16.0.31624.102
MinimumVisualStudioVersion = 10.0.40219.1
Project("{FAE04EC0-301F-11D3-BF4B-00C04F79EFBC}") = "RemoteClient", "ChessGame\RemoteClient.csproj", "{ADD6E01E-53BE-473F-BE4C-39AF7371AF23}"
EndProject
Project("{FAE04EC0-301F-11D3-BF4B-00C04F79EFBC}") = "Server", "Server\Server.csproj", "{FA8B2308-F9B4-48CD-9DD3-D35425A00DDC}"
EndProject
Project("{FAE04EC0-301F-11D3-BF4B-00C04F79EFBC}") = "Common", "Common\Common.csproj", "{BDCF94E1-2E56-4321-BB88-FAE6C1BB3899}"
EndProject
Project("{FAE04EC0-301F-11D3-BF4B-00C04F79EFBC}") = "Utils", "Utils\Utils.csproj", "{8042675F-3807-43BB-87AA-069842DD2DA2}"
EndProject
Global
	GlobalSection(SolutionConfigurationPlatforms) = preSolution
		Debug|Any CPU = Debug|Any CPU
		Release|Any CPU = Release|Any CPU
	EndGlobalSection
	GlobalSection(ProjectConfigurationPlatforms) = postSolution
		{ADD6E01E-53BE-473F-BE4C-39AF7371AF23}.Debug|Any CPU.ActiveCfg = Debug|Any CPU
		{ADD6E01E-53BE-473F-BE4C-39AF7371AF23}.Debug|Any CPU.Build.0 = Debug|Any CPU
		{ADD6E01E-53BE-473F-BE4C-39AF7371AF23}.Release|Any CPU.ActiveCfg = Release|Any CPU
		{ADD6E01E-53BE-473F-BE4C-39AF7371AF23}.Release|Any CPU.Build.0 = Release|Any CPU
		{FA8B2308-F9B4-48CD-9DD3-D35425A00DDC}.Debug|Any CPU.ActiveCfg = Debug|Any CPU
		{FA8B2308-F9B4-48CD-9DD3-D35425A00DDC}.Debug|Any CPU.Build.0 = Debug|Any CPU
		{FA8B2308-F9B4-48CD-9DD3-D35425A00DDC}.Release|Any CPU.ActiveCfg = Release|Any CPU
		{FA8B2308-F9B4-48CD-9DD3-D35425A00DDC}.Release|Any CPU.Build.0 = Release|Any CPU
		{BDCF94E1-2E56-4321-BB88-FAE6C1BB3899}.Debug|Any CPU.ActiveCfg = Debug|Any CPU
		{BDCF94E1-2E56-4321-BB88-FAE6C1BB3899}.Debug|Any CPU.Build.0 = Debug|Any CPU
		{BDCF94E1-2E56-4321-BB88-FAE6C1BB3899}.Release|Any CPU.ActiveCfg = Release|Any CPU
		{BDCF94E1-2E56-4321-BB88-FAE6C1BB3899}.Release|Any CPU.Build.0 = Release|Any CPU
		{8042675F-3807-43BB-87AA-069842DD2DA2}.Debug|Any CPU.ActiveCfg = Debug|Any CPU
		{8042675F-3807-43BB-87AA-069842DD2DA2}.Debug|Any CPU.Build.0 = Debug|Any CPU
		{8042675F-3807-43BB-87AA-069842DD2DA2}.Release|Any CPU.ActiveCfg = Release|Any CPU
		{8042675F-3807-43BB-87AA-069842DD2DA2}.Release|Any CPU.Build.0 = Release|Any CPU
	EndGlobalSection
	GlobalSection(SolutionProperties) = preSolution
		HideSolutionNode = FALSE
	EndGlobalSection
	GlobalSection(ExtensibilityGlobals) = postSolution
		SolutionGuid = {AC36476D-C476-450C-AD3E-4FB09D99FE01}
	EndGlobalSection
EndGlobal
